// !$*UTF8*$!
{
	archiveVersion = 1;
	classes = {
	};
	objectVersion = 55;
	objects = {

/* Begin PBXBuildFile section */
		0B8725F9EC7AC8E82CC7CE24 /* Pods_JolyBell.framework in Frameworks */ = {isa = PBXBuildFile; fileRef = AF3B94FE55F2437060884C02 /* Pods_JolyBell.framework */; };
		922CEB72283D84BE00CBF936 /* JolyBellApp.swift in Sources */ = {isa = PBXBuildFile; fileRef = 922CEB71283D84BE00CBF936 /* JolyBellApp.swift */; };
		922CEB74283D84BE00CBF936 /* ContentView.swift in Sources */ = {isa = PBXBuildFile; fileRef = 922CEB73283D84BE00CBF936 /* ContentView.swift */; };
		922CEB76283D84BF00CBF936 /* Assets.xcassets in Resources */ = {isa = PBXBuildFile; fileRef = 922CEB75283D84BF00CBF936 /* Assets.xcassets */; };
		922CEB79283D84BF00CBF936 /* Preview Assets.xcassets in Resources */ = {isa = PBXBuildFile; fileRef = 922CEB78283D84BF00CBF936 /* Preview Assets.xcassets */; };
		922CEB83283D899900CBF936 /* Home.swift in Sources */ = {isa = PBXBuildFile; fileRef = 922CEB82283D899900CBF936 /* Home.swift */; };
		922CEB85283D8BE200CBF936 /* Menu.swift in Sources */ = {isa = PBXBuildFile; fileRef = 922CEB84283D8BE200CBF936 /* Menu.swift */; };
		922CEB87283D8BFC00CBF936 /* CartView.swift in Sources */ = {isa = PBXBuildFile; fileRef = 922CEB86283D8BFC00CBF936 /* CartView.swift */; };
		922CEB89283D8C2B00CBF936 /* HomeModel.swift in Sources */ = {isa = PBXBuildFile; fileRef = 922CEB88283D8C2B00CBF936 /* HomeModel.swift */; };
		922CEB8B283D98C200CBF936 /* GoogleService-Info.plist in Resources */ = {isa = PBXBuildFile; fileRef = 922CEB8A283D98C200CBF936 /* GoogleService-Info.plist */; };
		922CEB8D283EDA9600CBF936 /* Item.swift in Sources */ = {isa = PBXBuildFile; fileRef = 922CEB8C283EDA9600CBF936 /* Item.swift */; };
		922CEB8F283EE2DF00CBF936 /* itemView.swift in Sources */ = {isa = PBXBuildFile; fileRef = 922CEB8E283EE2DF00CBF936 /* itemView.swift */; };
		922CEB92283EE43500CBF936 /* SDWebImageSwiftUI in Frameworks */ = {isa = PBXBuildFile; productRef = 922CEB91283EE43500CBF936 /* SDWebImageSwiftUI */; };
		922CEB94283EF6F400CBF936 /* CartModel.swift in Sources */ = {isa = PBXBuildFile; fileRef = 922CEB93283EF6F400CBF936 /* CartModel.swift */; };
/* End PBXBuildFile section */

/* Begin PBXFileReference section */
		39BD4446E6C5AAA229B5C269 /* Pods-JolyBell.release.xcconfig */ = {isa = PBXFileReference; includeInIndex = 1; lastKnownFileType = text.xcconfig; name = "Pods-JolyBell.release.xcconfig"; path = "Target Support Files/Pods-JolyBell/Pods-JolyBell.release.xcconfig"; sourceTree = "<group>"; };
		922CEB6E283D84BE00CBF936 /* JolyBell.app */ = {isa = PBXFileReference; explicitFileType = wrapper.application; includeInIndex = 0; path = JolyBell.app; sourceTree = BUILT_PRODUCTS_DIR; };
		922CEB71283D84BE00CBF936 /* JolyBellApp.swift */ = {isa = PBXFileReference; lastKnownFileType = sourcecode.swift; path = JolyBellApp.swift; sourceTree = "<group>"; };
		922CEB73283D84BE00CBF936 /* ContentView.swift */ = {isa = PBXFileReference; lastKnownFileType = sourcecode.swift; path = ContentView.swift; sourceTree = "<group>"; };
		922CEB75283D84BF00CBF936 /* Assets.xcassets */ = {isa = PBXFileReference; lastKnownFileType = folder.assetcatalog; path = Assets.xcassets; sourceTree = "<group>"; };
		922CEB78283D84BF00CBF936 /* Preview Assets.xcassets */ = {isa = PBXFileReference; lastKnownFileType = folder.assetcatalog; path = "Preview Assets.xcassets"; sourceTree = "<group>"; };
		922CEB81283D868000CBF936 /* Info.plist */ = {isa = PBXFileReference; lastKnownFileType = text.plist; path = Info.plist; sourceTree = "<group>"; };
		922CEB82283D899900CBF936 /* Home.swift */ = {isa = PBXFileReference; lastKnownFileType = sourcecode.swift; path = Home.swift; sourceTree = "<group>"; };
		922CEB84283D8BE200CBF936 /* Menu.swift */ = {isa = PBXFileReference; lastKnownFileType = sourcecode.swift; path = Menu.swift; sourceTree = "<group>"; };
		922CEB86283D8BFC00CBF936 /* CartView.swift */ = {isa = PBXFileReference; lastKnownFileType = sourcecode.swift; path = CartView.swift; sourceTree = "<group>"; };
		922CEB88283D8C2B00CBF936 /* HomeModel.swift */ = {isa = PBXFileReference; lastKnownFileType = sourcecode.swift; path = HomeModel.swift; sourceTree = "<group>"; };
		922CEB8A283D98C200CBF936 /* GoogleService-Info.plist */ = {isa = PBXFileReference; fileEncoding = 4; lastKnownFileType = text.plist.xml; path = "GoogleService-Info.plist"; sourceTree = "<group>"; };
		922CEB8C283EDA9600CBF936 /* Item.swift */ = {isa = PBXFileReference; lastKnownFileType = sourcecode.swift; path = Item.swift; sourceTree = "<group>"; };
		922CEB8E283EE2DF00CBF936 /* itemView.swift */ = {isa = PBXFileReference; lastKnownFileType = sourcecode.swift; path = itemView.swift; sourceTree = "<group>"; };
		922CEB93283EF6F400CBF936 /* CartModel.swift */ = {isa = PBXFileReference; lastKnownFileType = sourcecode.swift; path = CartModel.swift; sourceTree = "<group>"; };
		AF3B94FE55F2437060884C02 /* Pods_JolyBell.framework */ = {isa = PBXFileReference; explicitFileType = wrapper.framework; includeInIndex = 0; path = Pods_JolyBell.framework; sourceTree = BUILT_PRODUCTS_DIR; };
		E5401422597E876049B203A9 /* Pods-JolyBell.debug.xcconfig */ = {isa = PBXFileReference; includeInIndex = 1; lastKnownFileType = text.xcconfig; name = "Pods-JolyBell.debug.xcconfig"; path = "Target Support Files/Pods-JolyBell/Pods-JolyBell.debug.xcconfig"; sourceTree = "<group>"; };
/* End PBXFileReference section */

/* Begin PBXFrameworksBuildPhase section */
		922CEB6B283D84BE00CBF936 /* Frameworks */ = {
			isa = PBXFrameworksBuildPhase;
			buildActionMask = 2147483647;
			files = (
				922CEB92283EE43500CBF936 /* SDWebImageSwiftUI in Frameworks */,
				0B8725F9EC7AC8E82CC7CE24 /* Pods_JolyBell.framework in Frameworks */,
			);
			runOnlyForDeploymentPostprocessing = 0;
		};
/* End PBXFrameworksBuildPhase section */

/* Begin PBXGroup section */
		51C11A15214C73D50BFBD53C /* Frameworks */ = {
			isa = PBXGroup;
			children = (
				AF3B94FE55F2437060884C02 /* Pods_JolyBell.framework */,
			);
			name = Frameworks;
			sourceTree = "<group>";
		};
		8B0582089DBBCFB2DC1E05F5 /* Pods */ = {
			isa = PBXGroup;
			children = (
				E5401422597E876049B203A9 /* Pods-JolyBell.debug.xcconfig */,
				39BD4446E6C5AAA229B5C269 /* Pods-JolyBell.release.xcconfig */,
			);
			path = Pods;
			sourceTree = "<group>";
		};
		922CEB65283D84BE00CBF936 = {
			isa = PBXGroup;
			children = (
				922CEB70283D84BE00CBF936 /* JolyBell */,
				922CEB6F283D84BE00CBF936 /* Products */,
				8B0582089DBBCFB2DC1E05F5 /* Pods */,
				51C11A15214C73D50BFBD53C /* Frameworks */,
			);
			sourceTree = "<group>";
		};
		922CEB6F283D84BE00CBF936 /* Products */ = {
			isa = PBXGroup;
			children = (
				922CEB6E283D84BE00CBF936 /* JolyBell.app */,
			);
			name = Products;
			sourceTree = "<group>";
		};
		922CEB70283D84BE00CBF936 /* JolyBell */ = {
			isa = PBXGroup;
			children = (
				922CEB81283D868000CBF936 /* Info.plist */,
				922CEB71283D84BE00CBF936 /* JolyBellApp.swift */,
				922CEB73283D84BE00CBF936 /* ContentView.swift */,
				922CEB82283D899900CBF936 /* Home.swift */,
				922CEB84283D8BE200CBF936 /* Menu.swift */,
				922CEB86283D8BFC00CBF936 /* CartView.swift */,
				922CEB88283D8C2B00CBF936 /* HomeModel.swift */,
				922CEB8C283EDA9600CBF936 /* Item.swift */,
				922CEB8E283EE2DF00CBF936 /* itemView.swift */,
				922CEB93283EF6F400CBF936 /* CartModel.swift */,
				922CEB75283D84BF00CBF936 /* Assets.xcassets */,
				922CEB8A283D98C200CBF936 /* GoogleService-Info.plist */,
				922CEB77283D84BF00CBF936 /* Preview Content */,
			);
			path = JolyBell;
			sourceTree = "<group>";
		};
		922CEB77283D84BF00CBF936 /* Preview Content */ = {
			isa = PBXGroup;
			children = (
				922CEB78283D84BF00CBF936 /* Preview Assets.xcassets */,
			);
			path = "Preview Content";
			sourceTree = "<group>";
		};
/* End PBXGroup section */

/* Begin PBXNativeTarget section */
		922CEB6D283D84BE00CBF936 /* JolyBell */ = {
			isa = PBXNativeTarget;
			buildConfigurationList = 922CEB7C283D84BF00CBF936 /* Build configuration list for PBXNativeTarget "JolyBell" */;
			buildPhases = (
				EEA4E455C2914EE642928BF7 /* [CP] Check Pods Manifest.lock */,
				922CEB6A283D84BE00CBF936 /* Sources */,
				922CEB6B283D84BE00CBF936 /* Frameworks */,
				922CEB6C283D84BE00CBF936 /* Resources */,
				9E23CD597CE9FB4E14C5FF8B /* [CP] Embed Pods Frameworks */,
			);
			buildRules = (
			);
			dependencies = (
			);
			name = JolyBell;
			packageProductDependencies = (
				922CEB91283EE43500CBF936 /* SDWebImageSwiftUI */,
			);
			productName = JolyBell;
			productReference = 922CEB6E283D84BE00CBF936 /* JolyBell.app */;
			productType = "com.apple.product-type.application";
		};
/* End PBXNativeTarget section */

/* Begin PBXProject section */
		922CEB66283D84BE00CBF936 /* Project object */ = {
			isa = PBXProject;
			attributes = {
				BuildIndependentTargetsInParallel = 1;
				LastSwiftUpdateCheck = 1310;
				LastUpgradeCheck = 1310;
				TargetAttributes = {
					922CEB6D283D84BE00CBF936 = {
						CreatedOnToolsVersion = 13.1;
					};
				};
			};
			buildConfigurationList = 922CEB69283D84BE00CBF936 /* Build configuration list for PBXProject "JolyBell" */;
			compatibilityVersion = "Xcode 13.0";
			developmentRegion = en;
			hasScannedForEncodings = 0;
			knownRegions = (
				en,
				Base,
			);
			mainGroup = 922CEB65283D84BE00CBF936;
			packageReferences = (
				922CEB90283EE43500CBF936 /* XCRemoteSwiftPackageReference "SDWebImageSwiftUI" */,
			);
			productRefGroup = 922CEB6F283D84BE00CBF936 /* Products */;
			projectDirPath = "";
			projectRoot = "";
			targets = (
				922CEB6D283D84BE00CBF936 /* JolyBell */,
			);
		};
/* End PBXProject section */

/* Begin PBXResourcesBuildPhase section */
		922CEB6C283D84BE00CBF936 /* Resources */ = {
			isa = PBXResourcesBuildPhase;
			buildActionMask = 2147483647;
			files = (
				922CEB8B283D98C200CBF936 /* GoogleService-Info.plist in Resources */,
				922CEB79283D84BF00CBF936 /* Preview Assets.xcassets in Resources */,
				922CEB76283D84BF00CBF936 /* Assets.xcassets in Resources */,
			);
			runOnlyForDeploymentPostprocessing = 0;
		};
/* End PBXResourcesBuildPhase section */

/* Begin PBXShellScriptBuildPhase section */
		9E23CD597CE9FB4E14C5FF8B /* [CP] Embed Pods Frameworks */ = {
			isa = PBXShellScriptBuildPhase;
			buildActionMask = 2147483647;
			files = (
			);
			inputFileListPaths = (
				"${PODS_ROOT}/Target Support Files/Pods-JolyBell/Pods-JolyBell-frameworks-${CONFIGURATION}-input-files.xcfilelist",
			);
			name = "[CP] Embed Pods Frameworks";
			outputFileListPaths = (
				"${PODS_ROOT}/Target Support Files/Pods-JolyBell/Pods-JolyBell-frameworks-${CONFIGURATION}-output-files.xcfilelist",
			);
			runOnlyForDeploymentPostprocessing = 0;
			shellPath = /bin/sh;
			shellScript = "\"${PODS_ROOT}/Target Support Files/Pods-JolyBell/Pods-JolyBell-frameworks.sh\"\n";
			showEnvVarsInLog = 0;
		};
		EEA4E455C2914EE642928BF7 /* [CP] Check Pods Manifest.lock */ = {
			isa = PBXShellScriptBuildPhase;
			buildActionMask = 2147483647;
			files = (
			);
			inputFileListPaths = (
			);
			inputPaths = (
				"${PODS_PODFILE_DIR_PATH}/Podfile.lock",
				"${PODS_ROOT}/Manifest.lock",
			);
			name = "[CP] Check Pods Manifest.lock";
			outputFileListPaths = (
			);
			outputPaths = (
				"$(DERIVED_FILE_DIR)/Pods-JolyBell-checkManifestLockResult.txt",
			);
			runOnlyForDeploymentPostprocessing = 0;
			shellPath = /bin/sh;
			shellScript = "diff \"${PODS_PODFILE_DIR_PATH}/Podfile.lock\" \"${PODS_ROOT}/Manifest.lock\" > /dev/null\nif [ $? != 0 ] ; then\n    # print error to STDERR\n    echo \"error: The sandbox is not in sync with the Podfile.lock. Run 'pod install' or update your CocoaPods installation.\" >&2\n    exit 1\nfi\n# This output is used by Xcode 'outputs' to avoid re-running this script phase.\necho \"SUCCESS\" > \"${SCRIPT_OUTPUT_FILE_0}\"\n";
			showEnvVarsInLog = 0;
		};
/* End PBXShellScriptBuildPhase section */

/* Begin PBXSourcesBuildPhase section */
		922CEB6A283D84BE00CBF936 /* Sources */ = {
			isa = PBXSourcesBuildPhase;
			buildActionMask = 2147483647;
			files = (
				922CEB94283EF6F400CBF936 /* CartModel.swift in Sources */,
				922CEB87283D8BFC00CBF936 /* CartView.swift in Sources */,
				922CEB74283D84BE00CBF936 /* ContentView.swift in Sources */,
				922CEB89283D8C2B00CBF936 /* HomeModel.swift in Sources */,
				922CEB8F283EE2DF00CBF936 /* itemView.swift in Sources */,
				922CEB83283D899900CBF936 /* Home.swift in Sources */,
				922CEB8D283EDA9600CBF936 /* Item.swift in Sources */,
				922CEB85283D8BE200CBF936 /* Menu.swift in Sources */,
				922CEB72283D84BE00CBF936 /* JolyBellApp.swift in Sources */,
			);
			runOnlyForDeploymentPostprocessing = 0;
		};
/* End PBXSourcesBuildPhase section */

/* Begin XCBuildConfiguration section */
		922CEB7A283D84BF00CBF936 /* Debug */ = {
			isa = XCBuildConfiguration;
			buildSettings = {
				ALWAYS_SEARCH_USER_PATHS = NO;
				CLANG_ANALYZER_NONNULL = YES;
				CLANG_ANALYZER_NUMBER_OBJECT_CONVERSION = YES_AGGRESSIVE;
				CLANG_CXX_LANGUAGE_STANDARD = "gnu++17";
				CLANG_CXX_LIBRARY = "libc++";
				CLANG_ENABLE_MODULES = YES;
				CLANG_ENABLE_OBJC_ARC = YES;
				CLANG_ENABLE_OBJC_WEAK = YES;
				CLANG_WARN_BLOCK_CAPTURE_AUTORELEASING = YES;
				CLANG_WARN_BOOL_CONVERSION = YES;
				CLANG_WARN_COMMA = YES;
				CLANG_WARN_CONSTANT_CONVERSION = YES;
				CLANG_WARN_DEPRECATED_OBJC_IMPLEMENTATIONS = YES;
				CLANG_WARN_DIRECT_OBJC_ISA_USAGE = YES_ERROR;
				CLANG_WARN_DOCUMENTATION_COMMENTS = YES;
				CLANG_WARN_EMPTY_BODY = YES;
				CLANG_WARN_ENUM_CONVERSION = YES;
				CLANG_WARN_INFINITE_RECURSION = YES;
				CLANG_WARN_INT_CONVERSION = YES;
				CLANG_WARN_NON_LITERAL_NULL_CONVERSION = YES;
				CLANG_WARN_OBJC_IMPLICIT_RETAIN_SELF = YES;
				CLANG_WARN_OBJC_LITERAL_CONVERSION = YES;
				CLANG_WARN_OBJC_ROOT_CLASS = YES_ERROR;
				CLANG_WARN_QUOTED_INCLUDE_IN_FRAMEWORK_HEADER = YES;
				CLANG_WARN_RANGE_LOOP_ANALYSIS = YES;
				CLANG_WARN_STRICT_PROTOTYPES = YES;
				CLANG_WARN_SUSPICIOUS_MOVE = YES;
				CLANG_WARN_UNGUARDED_AVAILABILITY = YES_AGGRESSIVE;
				CLANG_WARN_UNREACHABLE_CODE = YES;
				CLANG_WARN__DUPLICATE_METHOD_MATCH = YES;
				COPY_PHASE_STRIP = NO;
				DEBUG_INFORMATION_FORMAT = dwarf;
				ENABLE_STRICT_OBJC_MSGSEND = YES;
				ENABLE_TESTABILITY = YES;
				GCC_C_LANGUAGE_STANDARD = gnu11;
				GCC_DYNAMIC_NO_PIC = NO;
				GCC_NO_COMMON_BLOCKS = YES;
				GCC_OPTIMIZATION_LEVEL = 0;
				GCC_PREPROCESSOR_DEFINITIONS = (
					"DEBUG=1",
					"$(inherited)",
				);
				GCC_WARN_64_TO_32_BIT_CONVERSION = YES;
				GCC_WARN_ABOUT_RETURN_TYPE = YES_ERROR;
				GCC_WARN_UNDECLARED_SELECTOR = YES;
				GCC_WARN_UNINITIALIZED_AUTOS = YES_AGGRESSIVE;
				GCC_WARN_UNUSED_FUNCTION = YES;
				GCC_WARN_UNUSED_VARIABLE = YES;
				IPHONEOS_DEPLOYMENT_TARGET = 15.0;
				MTL_ENABLE_DEBUG_INFO = INCLUDE_SOURCE;
				MTL_FAST_MATH = YES;
				ONLY_ACTIVE_ARCH = YES;
				SDKROOT = iphoneos;
				SWIFT_ACTIVE_COMPILATION_CONDITIONS = DEBUG;
				SWIFT_OPTIMIZATION_LEVEL = "-Onone";
			};
			name = Debug;
		};
		922CEB7B283D84BF00CBF936 /* Release */ = {
			isa = XCBuildConfiguration;
			buildSettings = {
				ALWAYS_SEARCH_USER_PATHS = NO;
				CLANG_ANALYZER_NONNULL = YES;
				CLANG_ANALYZER_NUMBER_OBJECT_CONVERSION = YES_AGGRESSIVE;
				CLANG_CXX_LANGUAGE_STANDARD = "gnu++17";
				CLANG_CXX_LIBRARY = "libc++";
				CLANG_ENABLE_MODULES = YES;
				CLANG_ENABLE_OBJC_ARC = YES;
				CLANG_ENABLE_OBJC_WEAK = YES;
				CLANG_WARN_BLOCK_CAPTURE_AUTORELEASING = YES;
				CLANG_WARN_BOOL_CONVERSION = YES;
				CLANG_WARN_COMMA = YES;
				CLANG_WARN_CONSTANT_CONVERSION = YES;
				CLANG_WARN_DEPRECATED_OBJC_IMPLEMENTATIONS = YES;
				CLANG_WARN_DIRECT_OBJC_ISA_USAGE = YES_ERROR;
				CLANG_WARN_DOCUMENTATION_COMMENTS = YES;
				CLANG_WARN_EMPTY_BODY = YES;
				CLANG_WARN_ENUM_CONVERSION = YES;
				CLANG_WARN_INFINITE_RECURSION = YES;
				CLANG_WARN_INT_CONVERSION = YES;
				CLANG_WARN_NON_LITERAL_NULL_CONVERSION = YES;
				CLANG_WARN_OBJC_IMPLICIT_RETAIN_SELF = YES;
				CLANG_WARN_OBJC_LITERAL_CONVERSION = YES;
				CLANG_WARN_OBJC_ROOT_CLASS = YES_ERROR;
				CLANG_WARN_QUOTED_INCLUDE_IN_FRAMEWORK_HEADER = YES;
				CLANG_WARN_RANGE_LOOP_ANALYSIS = YES;
				CLANG_WARN_STRICT_PROTOTYPES = YES;
				CLANG_WARN_SUSPICIOUS_MOVE = YES;
				CLANG_WARN_UNGUARDED_AVAILABILITY = YES_AGGRESSIVE;
				CLANG_WARN_UNREACHABLE_CODE = YES;
				CLANG_WARN__DUPLICATE_METHOD_MATCH = YES;
				COPY_PHASE_STRIP = NO;
				DEBUG_INFORMATION_FORMAT = "dwarf-with-dsym";
				ENABLE_NS_ASSERTIONS = NO;
				ENABLE_STRICT_OBJC_MSGSEND = YES;
				GCC_C_LANGUAGE_STANDARD = gnu11;
				GCC_NO_COMMON_BLOCKS = YES;
				GCC_WARN_64_TO_32_BIT_CONVERSION = YES;
				GCC_WARN_ABOUT_RETURN_TYPE = YES_ERROR;
				GCC_WARN_UNDECLARED_SELECTOR = YES;
				GCC_WARN_UNINITIALIZED_AUTOS = YES_AGGRESSIVE;
				GCC_WARN_UNUSED_FUNCTION = YES;
				GCC_WARN_UNUSED_VARIABLE = YES;
				IPHONEOS_DEPLOYMENT_TARGET = 15.0;
				MTL_ENABLE_DEBUG_INFO = NO;
				MTL_FAST_MATH = YES;
				SDKROOT = iphoneos;
				SWIFT_COMPILATION_MODE = wholemodule;
				SWIFT_OPTIMIZATION_LEVEL = "-O";
				VALIDATE_PRODUCT = YES;
			};
			name = Release;
		};
		922CEB7D283D84BF00CBF936 /* Debug */ = {
			isa = XCBuildConfiguration;
			baseConfigurationReference = E5401422597E876049B203A9 /* Pods-JolyBell.debug.xcconfig */;
			buildSettings = {
				ASSETCATALOG_COMPILER_APPICON_NAME = AppIcon;
				ASSETCATALOG_COMPILER_GLOBAL_ACCENT_COLOR_NAME = AccentColor;
				CODE_SIGN_STYLE = Automatic;
				CURRENT_PROJECT_VERSION = 1;
				DEVELOPMENT_ASSET_PATHS = "\"JolyBell/Preview Content\"";
				DEVELOPMENT_TEAM = U64PC6F3M5;
				ENABLE_PREVIEWS = YES;
				GENERATE_INFOPLIST_FILE = YES;
				INFOPLIST_FILE = JolyBell/Info.plist;
				INFOPLIST_KEY_UIApplicationSceneManifest_Generation = YES;
				INFOPLIST_KEY_UIApplicationSupportsIndirectInputEvents = YES;
				INFOPLIST_KEY_UILaunchScreen_Generation = YES;
				INFOPLIST_KEY_UISupportedInterfaceOrientations_iPad = "UIInterfaceOrientationPortrait UIInterfaceOrientationPortraitUpsideDown UIInterfaceOrientationLandscapeLeft UIInterfaceOrientationLandscapeRight";
				INFOPLIST_KEY_UISupportedInterfaceOrientations_iPhone = "UIInterfaceOrientationPortrait UIInterfaceOrientationLandscapeLeft UIInterfaceOrientationLandscapeRight";
				LD_RUNPATH_SEARCH_PATHS = (
					"$(inherited)",
					"@executable_path/Frameworks",
				);
				MARKETING_VERSION = 1.0;
				PRODUCT_BUNDLE_IDENTIFIER = "khatsuk007-gmail.com.JolyBell";
				PRODUCT_NAME = "$(TARGET_NAME)";
				SWIFT_EMIT_LOC_STRINGS = YES;
				SWIFT_VERSION = 5.0;
				TARGETED_DEVICE_FAMILY = "1,2";
			};
			name = Debug;
		};
		922CEB7E283D84BF00CBF936 /* Release */ = {
			isa = XCBuildConfiguration;
			baseConfigurationReference = 39BD4446E6C5AAA229B5C269 /* Pods-JolyBell.release.xcconfig */;
			buildSettings = {
				ASSETCATALOG_COMPILER_APPICON_NAME = AppIcon;
				ASSETCATALOG_COMPILER_GLOBAL_ACCENT_COLOR_NAME = AccentColor;
				CODE_SIGN_STYLE = Automatic;
				CURRENT_PROJECT_VERSION = 1;
				DEVELOPMENT_ASSET_PATHS = "\"JolyBell/Preview Content\"";
				DEVELOPMENT_TEAM = U64PC6F3M5;
				ENABLE_PREVIEWS = YES;
				GENERATE_INFOPLIST_FILE = YES;
				INFOPLIST_FILE = JolyBell/Info.plist;
				INFOPLIST_KEY_UIApplicationSceneManifest_Generation = YES;
				INFOPLIST_KEY_UIApplicationSupportsIndirectInputEvents = YES;
				INFOPLIST_KEY_UILaunchScreen_Generation = YES;
				INFOPLIST_KEY_UISupportedInterfaceOrientations_iPad = "UIInterfaceOrientationPortrait UIInterfaceOrientationPortraitUpsideDown UIInterfaceOrientationLandscapeLeft UIInterfaceOrientationLandscapeRight";
				INFOPLIST_KEY_UISupportedInterfaceOrientations_iPhone = "UIInterfaceOrientationPortrait UIInterfaceOrientationLandscapeLeft UIInterfaceOrientationLandscapeRight";
				LD_RUNPATH_SEARCH_PATHS = (
					"$(inherited)",
					"@executable_path/Frameworks",
				);
				MARKETING_VERSION = 1.0;
				PRODUCT_BUNDLE_IDENTIFIER = "khatsuk007-gmail.com.JolyBell";
				PRODUCT_NAME = "$(TARGET_NAME)";
				SWIFT_EMIT_LOC_STRINGS = YES;
				SWIFT_VERSION = 5.0;
				TARGETED_DEVICE_FAMILY = "1,2";
			};
			name = Release;
		};
/* End XCBuildConfiguration section */

/* Begin XCConfigurationList section */
		922CEB69283D84BE00CBF936 /* Build configuration list for PBXProject "JolyBell" */ = {
			isa = XCConfigurationList;
			buildConfigurations = (
				922CEB7A283D84BF00CBF936 /* Debug */,
				922CEB7B283D84BF00CBF936 /* Release */,
			);
			defaultConfigurationIsVisible = 0;
			defaultConfigurationName = Release;
		};
		922CEB7C283D84BF00CBF936 /* Build configuration list for PBXNativeTarget "JolyBell" */ = {
			isa = XCConfigurationList;
			buildConfigurations = (
				922CEB7D283D84BF00CBF936 /* Debug */,
				922CEB7E283D84BF00CBF936 /* Release */,
			);
			defaultConfigurationIsVisible = 0;
			defaultConfigurationName = Release;
		};
/* End XCConfigurationList section */

/* Begin XCRemoteSwiftPackageReference section */
		922CEB90283EE43500CBF936 /* XCRemoteSwiftPackageReference "SDWebImageSwiftUI" */ = {
			isa = XCRemoteSwiftPackageReference;
			repositoryURL = "https://github.com/SDWebImage/SDWebImageSwiftUI";
			requirement = {
				kind = upToNextMajorVersion;
				minimumVersion = 2.0.0;
			};
		};
/* End XCRemoteSwiftPackageReference section */

/* Begin XCSwiftPackageProductDependency section */
		922CEB91283EE43500CBF936 /* SDWebImageSwiftUI */ = {
			isa = XCSwiftPackageProductDependency;
			package = 922CEB90283EE43500CBF936 /* XCRemoteSwiftPackageReference "SDWebImageSwiftUI" */;
			productName = SDWebImageSwiftUI;
		};
/* End XCSwiftPackageProductDependency section */
	};
	rootObject = 922CEB66283D84BE00CBF936 /* Project object */;
}
